
Microsoft Visual Studio Solution File, Format Version 12.00
# Visual Studio Version 17
VisualStudioVersion = 17.0.31903.59
MinimumVisualStudioVersion = 10.0.40219.1
Project("{9A19103F-16F7-4668-BE54-9A1E7A4F7556}") = "MassTransitRabbitMQ", "MassTransitRabbitMQ\MassTransitRabbitMQ.csproj", "{7D8F42C6-FCBB-4FCF-85E6-E2CD3FE0F420}"
EndProject
Project("{9A19103F-16F7-4668-BE54-9A1E7A4F7556}") = "MassTransit.Consumer", "MassTransit.Consumer\MassTransit.Consumer.csproj", "{A11650DA-BCF1-4A71-BB0F-942D3E637DE1}"
EndProject
Project("{9A19103F-16F7-4668-BE54-9A1E7A4F7556}") = "MassTransit.SharedModels", "MassTransit.SharedModels\MassTransit.SharedModels.csproj", "{259E1798-218D-4B08-B7CE-A6977BFE2FBF}"
EndProject
Global
	GlobalSection(SolutionConfigurationPlatforms) = preSolution
		Debug|Any CPU = Debug|Any CPU
		Release|Any CPU = Release|Any CPU
	EndGlobalSection
	GlobalSection(ProjectConfigurationPlatforms) = postSolution
		{7D8F42C6-FCBB-4FCF-85E6-E2CD3FE0F420}.Debug|Any CPU.ActiveCfg = Debug|Any CPU
		{7D8F42C6-FCBB-4FCF-85E6-E2CD3FE0F420}.Debug|Any CPU.Build.0 = Debug|Any CPU
		{7D8F42C6-FCBB-4FCF-85E6-E2CD3FE0F420}.Release|Any CPU.ActiveCfg = Release|Any CPU
		{7D8F42C6-FCBB-4FCF-85E6-E2CD3FE0F420}.Release|Any CPU.Build.0 = Release|Any CPU
		{A11650DA-BCF1-4A71-BB0F-942D3E637DE1}.Debug|Any CPU.ActiveCfg = Debug|Any CPU
		{A11650DA-BCF1-4A71-BB0F-942D3E637DE1}.Debug|Any CPU.Build.0 = Debug|Any CPU
		{A11650DA-BCF1-4A71-BB0F-942D3E637DE1}.Release|Any CPU.ActiveCfg = Release|Any CPU
		{A11650DA-BCF1-4A71-BB0F-942D3E637DE1}.Release|Any CPU.Build.0 = Release|Any CPU
		{259E1798-218D-4B08-B7CE-A6977BFE2FBF}.Debug|Any CPU.ActiveCfg = Debug|Any CPU
		{259E1798-218D-4B08-B7CE-A6977BFE2FBF}.Debug|Any CPU.Build.0 = Debug|Any CPU
		{259E1798-218D-4B08-B7CE-A6977BFE2FBF}.Release|Any CPU.ActiveCfg = Release|Any CPU
		{259E1798-218D-4B08-B7CE-A6977BFE2FBF}.Release|Any CPU.Build.0 = Release|Any CPU
	EndGlobalSection
	GlobalSection(SolutionProperties) = preSolution
		HideSolutionNode = FALSE
	EndGlobalSection
EndGlobal
